
Microsoft Visual Studio Solution File, Format Version 12.00
# Visual Studio 15
VisualStudioVersion = 15.0.28307.329
MinimumVisualStudioVersion = 10.0.40219.1
Project("{FAE04EC0-301F-11D3-BF4B-00C04F79EFBC}") = "d 55 Menu Strip Ornegii", "d 55 Menu Strip Ornegii.csproj", "{C0F739C9-AD86-46DE-BF20-98D29ED1FFF9}"
EndProject
Global
	GlobalSection(SolutionConfigurationPlatforms) = preSolution
		Debug|Any CPU = Debug|Any CPU
		Release|Any CPU = Release|Any CPU
	EndGlobalSection
	GlobalSection(ProjectConfigurationPlatforms) = postSolution
		{C0F739C9-AD86-46DE-BF20-98D29ED1FFF9}.Debug|Any CPU.ActiveCfg = Debug|Any CPU
		{C0F739C9-AD86-46DE-BF20-98D29ED1FFF9}.Debug|Any CPU.Build.0 = Debug|Any CPU
		{C0F739C9-AD86-46DE-BF20-98D29ED1FFF9}.Release|Any CPU.ActiveCfg = Release|Any CPU
		{C0F739C9-AD86-46DE-BF20-98D29ED1FFF9}.Release|Any CPU.Build.0 = Release|Any CPU
	EndGlobalSection
	GlobalSection(SolutionProperties) = preSolution
		HideSolutionNode = FALSE
	EndGlobalSection
	GlobalSection(ExtensibilityGlobals) = postSolution
		SolutionGuid = {2607280C-3FC4-45DE-8B1C-BB74A51105C5}
	EndGlobalSection
EndGlobal
